
Microsoft Visual Studio Solution File, Format Version 12.00
# Visual Studio Version 16
VisualStudioVersion = 16.0.32002.261
MinimumVisualStudioVersion = 10.0.40219.1
Project("{9A19103F-16F7-4668-BE54-9A1E7A4F7556}") = "StringReversalApp", "StringReversalApp\StringReversalApp.csproj", "{A1B2C3D4-E5F6-7890-ABCD-EF1234567890}"
EndProject
Project("{FAE04EC0-301F-11D3-BF4B-00C04F79EFBC}") = "Utilities", "Utilities\Utilities.csproj", "{07678E1D-C01F-4CA5-B79F-449205846382}"
EndProject
Project("{FAE04EC0-301F-11D3-BF4B-00C04F79EFBC}") = "Utilities.Tests", "Utilities.Tests\Utilities.Tests.csproj", "{6476046E-B66B-404E-93AC-AAE99245EBD8}"
EndProject
Project("{FAE04EC0-301F-11D3-BF4B-00C04F79EFBC}") = "StringReversalApp.Tests", "StringReversalApp.Tests\StringReversalApp.Tests.csproj", "{D3D84ED3-899A-4EBE-AB04-527970D786D0}"
EndProject
Global
	GlobalSection(SolutionConfigurationPlatforms) = preSolution
		Debug|Any CPU = Debug|Any CPU
		Debug|x64 = Debug|x64
		Debug|x86 = Debug|x86
		Release|Any CPU = Release|Any CPU
		Release|x64 = Release|x64
		Release|x86 = Release|x86
	EndGlobalSection
	GlobalSection(ProjectConfigurationPlatforms) = postSolution
		{A1B2C3D4-E5F6-7890-ABCD-EF1234567890}.Debug|Any CPU.ActiveCfg = Debug|Any CPU
		{A1B2C3D4-E5F6-7890-ABCD-EF1234567890}.Debug|Any CPU.Build.0 = Debug|Any CPU
		{A1B2C3D4-E5F6-7890-ABCD-EF1234567890}.Debug|x64.ActiveCfg = Debug|Any CPU
		{A1B2C3D4-E5F6-7890-ABCD-EF1234567890}.Debug|x64.Build.0 = Debug|Any CPU
		{A1B2C3D4-E5F6-7890-ABCD-EF1234567890}.Debug|x86.ActiveCfg = Debug|Any CPU
		{A1B2C3D4-E5F6-7890-ABCD-EF1234567890}.Debug|x86.Build.0 = Debug|Any CPU
		{A1B2C3D4-E5F6-7890-ABCD-EF1234567890}.Release|Any CPU.ActiveCfg = Release|Any CPU
		{A1B2C3D4-E5F6-7890-ABCD-EF1234567890}.Release|Any CPU.Build.0 = Release|Any CPU
		{A1B2C3D4-E5F6-7890-ABCD-EF1234567890}.Release|x64.ActiveCfg = Release|Any CPU
		{A1B2C3D4-E5F6-7890-ABCD-EF1234567890}.Release|x64.Build.0 = Release|Any CPU
		{A1B2C3D4-E5F6-7890-ABCD-EF1234567890}.Release|x86.ActiveCfg = Release|Any CPU
		{A1B2C3D4-E5F6-7890-ABCD-EF1234567890}.Release|x86.Build.0 = Release|Any CPU
		{07678E1D-C01F-4CA5-B79F-449205846382}.Debug|Any CPU.ActiveCfg = Debug|Any CPU
		{07678E1D-C01F-4CA5-B79F-449205846382}.Debug|Any CPU.Build.0 = Debug|Any CPU
		{07678E1D-C01F-4CA5-B79F-449205846382}.Debug|x64.ActiveCfg = Debug|Any CPU
		{07678E1D-C01F-4CA5-B79F-449205846382}.Debug|x64.Build.0 = Debug|Any CPU
		{07678E1D-C01F-4CA5-B79F-449205846382}.Debug|x86.ActiveCfg = Debug|Any CPU
		{07678E1D-C01F-4CA5-B79F-449205846382}.Debug|x86.Build.0 = Debug|Any CPU
		{07678E1D-C01F-4CA5-B79F-449205846382}.Release|Any CPU.ActiveCfg = Release|Any CPU
		{07678E1D-C01F-4CA5-B79F-449205846382}.Release|Any CPU.Build.0 = Release|Any CPU
		{07678E1D-C01F-4CA5-B79F-449205846382}.Release|x64.ActiveCfg = Release|Any CPU
		{07678E1D-C01F-4CA5-B79F-449205846382}.Release|x64.Build.0 = Release|Any CPU
		{07678E1D-C01F-4CA5-B79F-449205846382}.Release|x86.ActiveCfg = Release|Any CPU
		{07678E1D-C01F-4CA5-B79F-449205846382}.Release|x86.Build.0 = Release|Any CPU
		{6476046E-B66B-404E-93AC-AAE99245EBD8}.Debug|Any CPU.ActiveCfg = Debug|Any CPU
		{6476046E-B66B-404E-93AC-AAE99245EBD8}.Debug|Any CPU.Build.0 = Debug|Any CPU
		{6476046E-B66B-404E-93AC-AAE99245EBD8}.Debug|x64.ActiveCfg = Debug|Any CPU
		{6476046E-B66B-404E-93AC-AAE99245EBD8}.Debug|x64.Build.0 = Debug|Any CPU
		{6476046E-B66B-404E-93AC-AAE99245EBD8}.Debug|x86.ActiveCfg = Debug|Any CPU
		{6476046E-B66B-404E-93AC-AAE99245EBD8}.Debug|x86.Build.0 = Debug|Any CPU
		{6476046E-B66B-404E-93AC-AAE99245EBD8}.Release|Any CPU.ActiveCfg = Release|Any CPU
		{6476046E-B66B-404E-93AC-AAE99245EBD8}.Release|Any CPU.Build.0 = Release|Any CPU
		{6476046E-B66B-404E-93AC-AAE99245EBD8}.Release|x64.ActiveCfg = Release|Any CPU
		{6476046E-B66B-404E-93AC-AAE99245EBD8}.Release|x64.Build.0 = Release|Any CPU
		{6476046E-B66B-404E-93AC-AAE99245EBD8}.Release|x86.ActiveCfg = Release|Any CPU
		{6476046E-B66B-404E-93AC-AAE99245EBD8}.Release|x86.Build.0 = Release|Any CPU
		{D3D84ED3-899A-4EBE-AB04-527970D786D0}.Debug|Any CPU.ActiveCfg = Debug|Any CPU
		{D3D84ED3-899A-4EBE-AB04-527970D786D0}.Debug|Any CPU.Build.0 = Debug|Any CPU
		{D3D84ED3-899A-4EBE-AB04-527970D786D0}.Debug|x64.ActiveCfg = Debug|Any CPU
		{D3D84ED3-899A-4EBE-AB04-527970D786D0}.Debug|x64.Build.0 = Debug|Any CPU
		{D3D84ED3-899A-4EBE-AB04-527970D786D0}.Debug|x86.ActiveCfg = Debug|Any CPU
		{D3D84ED3-899A-4EBE-AB04-527970D786D0}.Debug|x86.Build.0 = Debug|Any CPU
		{D3D84ED3-899A-4EBE-AB04-527970D786D0}.Release|Any CPU.ActiveCfg = Release|Any CPU
		{D3D84ED3-899A-4EBE-AB04-527970D786D0}.Release|Any CPU.Build.0 = Release|Any CPU
		{D3D84ED3-899A-4EBE-AB04-527970D786D0}.Release|x64.ActiveCfg = Release|Any CPU
		{D3D84ED3-899A-4EBE-AB04-527970D786D0}.Release|x64.Build.0 = Release|Any CPU
		{D3D84ED3-899A-4EBE-AB04-527970D786D0}.Release|x86.ActiveCfg = Release|Any CPU
		{D3D84ED3-899A-4EBE-AB04-527970D786D0}.Release|x86.Build.0 = Release|Any CPU
	EndGlobalSection
	GlobalSection(SolutionProperties) = preSolution
		HideSolutionNode = FALSE
	EndGlobalSection
	GlobalSection(ExtensibilityGlobals) = postSolution
		SolutionGuid = {90F4F8D6-3DBF-4936-AD0B-6754F16EF245}
	EndGlobalSection
EndGlobal
